
Microsoft Visual Studio Solution File, Format Version 12.00
# Visual Studio 15
Project("{FAE04EC0-301F-11D3-BF4B-00C04F79EFBC}") = "Assembly-CSharp", "Assembly-CSharp.csproj", "{574899B1-5148-0438-F11C-3CED7953C868}"
EndProject
Project("{FAE04EC0-301F-11D3-BF4B-00C04F79EFBC}") = "Assembly-CSharp-Editor", "Assembly-CSharp-Editor.csproj", "{517102C6-BF54-5F23-95F5-AE516951DE51}"
EndProject
Global
	GlobalSection(SolutionConfigurationPlatforms) = preSolution
		Debug|Any CPU = Debug|Any CPU
		Release|Any CPU = Release|Any CPU
	EndGlobalSection
	GlobalSection(ProjectConfigurationPlatforms) = postSolution
		{574899B1-5148-0438-F11C-3CED7953C868}.Debug|Any CPU.ActiveCfg = Debug|Any CPU
		{574899B1-5148-0438-F11C-3CED7953C868}.Debug|Any CPU.Build.0 = Debug|Any CPU
		{574899B1-5148-0438-F11C-3CED7953C868}.Release|Any CPU.ActiveCfg = Release|Any CPU
		{574899B1-5148-0438-F11C-3CED7953C868}.Release|Any CPU.Build.0 = Release|Any CPU
		{517102C6-BF54-5F23-95F5-AE516951DE51}.Debug|Any CPU.ActiveCfg = Debug|Any CPU
		{517102C6-BF54-5F23-95F5-AE516951DE51}.Debug|Any CPU.Build.0 = Debug|Any CPU
		{517102C6-BF54-5F23-95F5-AE516951DE51}.Release|Any CPU.ActiveCfg = Release|Any CPU
		{517102C6-BF54-5F23-95F5-AE516951DE51}.Release|Any CPU.Build.0 = Release|Any CPU
	EndGlobalSection
	GlobalSection(SolutionProperties) = preSolution
		HideSolutionNode = FALSE
	EndGlobalSection
EndGlobal
